{
	"name": "windows",
	"lockfileVersion": 3,
	"requires": true,
	"packages": {
		"": {
			"dependencies": {
				"innosetup": "^6.0.5"
			}
		},
		"node_modules/innosetup": {
			"version": "6.0.5",
			"resolved": "https://registry.npmjs.org/innosetup/-/innosetup-6.0.5.tgz",
			"integrity": "sha512-XRvidEN0dcxe7NrGXBjl/clfNRfmyakSDtgKaJgvZ3ciKE5ArQOVGqUJcLyPhllqHhMzYGpbUF3ZTZvtKVDP2g==",
			"bin": {
				"innosetup-compiler": "lib/iscc"
			},
			"engines": {
				"node": ">= 0.8.0"
			}
		}
	}
}
